// !$*UTF8*$!
{
	archiveVersion = 1;
	classes = {
	};
	objectVersion = 51;
	objects = {

/* Begin PBXBuildFile section */
		1E3542C6BBBE463E7432337E /* Pods_ChatApp_ChatAppUITests.framework in Frameworks */ = {isa = PBXBuildFile; fileRef = C5A5C921353E8F4A644B9AD2 /* Pods_ChatApp_ChatAppUITests.framework */; };
		21593E82C7DA79A5C9F3B643 /* Pods_ChatApp.framework in Frameworks */ = {isa = PBXBuildFile; fileRef = 8334DD05D7EDA04A412A0C2F /* Pods_ChatApp.framework */; };
		2912BEE525F26B06002D6F54 /* CustomProgressView.swift in Sources */ = {isa = PBXBuildFile; fileRef = 2912BEE425F26B06002D6F54 /* CustomProgressView.swift */; };
		2912BEEA25F274B6002D6F54 /* MessageCellDataSource.swift in Sources */ = {isa = PBXBuildFile; fileRef = 2912BEE925F274B6002D6F54 /* MessageCellDataSource.swift */; };
		296D875125F246F10013E830 /* AppDelegate.swift in Sources */ = {isa = PBXBuildFile; fileRef = 296D875025F246F10013E830 /* AppDelegate.swift */; };
		296D875325F246F10013E830 /* SceneDelegate.swift in Sources */ = {isa = PBXBuildFile; fileRef = 296D875225F246F10013E830 /* SceneDelegate.swift */; };
		296D875525F246F10013E830 /* ViewController.swift in Sources */ = {isa = PBXBuildFile; fileRef = 296D875425F246F10013E830 /* ViewController.swift */; };
		296D875825F246F10013E830 /* Main.storyboard in Resources */ = {isa = PBXBuildFile; fileRef = 296D875625F246F10013E830 /* Main.storyboard */; };
		296D875A25F246F20013E830 /* Assets.xcassets in Resources */ = {isa = PBXBuildFile; fileRef = 296D875925F246F20013E830 /* Assets.xcassets */; };
		296D875D25F246F20013E830 /* LaunchScreen.storyboard in Resources */ = {isa = PBXBuildFile; fileRef = 296D875B25F246F20013E830 /* LaunchScreen.storyboard */; };
		296D876825F246F20013E830 /* ChatAppTests.swift in Sources */ = {isa = PBXBuildFile; fileRef = 296D876725F246F20013E830 /* ChatAppTests.swift */; };
		296D877325F246F20013E830 /* ChatAppUITests.swift in Sources */ = {isa = PBXBuildFile; fileRef = 296D877225F246F20013E830 /* ChatAppUITests.swift */; };
		296D87B125F249F00013E830 /* GoogleService-Info.plist in Resources */ = {isa = PBXBuildFile; fileRef = 296D87B025F249F00013E830 /* GoogleService-Info.plist */; };
		296D87C325F258CF0013E830 /* ChatVC.swift in Sources */ = {isa = PBXBuildFile; fileRef = 296D87C225F258CF0013E830 /* ChatVC.swift */; };
		296D87CB25F263B40013E830 /* Alert.swift in Sources */ = {isa = PBXBuildFile; fileRef = 296D87CA25F263B40013E830 /* Alert.swift */; };
		86E4E24F2E20FB0F3683C65D /* Pods_ChatAppTests.framework in Frameworks */ = {isa = PBXBuildFile; fileRef = 85EE905BFCBC8EB60554F3FC /* Pods_ChatAppTests.framework */; };
/* End PBXBuildFile section */

/* Begin PBXContainerItemProxy section */
		296D876425F246F20013E830 /* PBXContainerItemProxy */ = {
			isa = PBXContainerItemProxy;
			containerPortal = 296D874525F246F00013E830 /* Project object */;
			proxyType = 1;
			remoteGlobalIDString = 296D874C25F246F10013E830;
			remoteInfo = ChatApp;
		};
		296D876F25F246F20013E830 /* PBXContainerItemProxy */ = {
			isa = PBXContainerItemProxy;
			containerPortal = 296D874525F246F00013E830 /* Project object */;
			proxyType = 1;
			remoteGlobalIDString = 296D874C25F246F10013E830;
			remoteInfo = ChatApp;
		};
/* End PBXContainerItemProxy section */

/* Begin PBXFileReference section */
		0F1E31F6E7BC5676523C8C89 /* Pods-ChatAppTests.debug.xcconfig */ = {isa = PBXFileReference; includeInIndex = 1; lastKnownFileType = text.xcconfig; name = "Pods-ChatAppTests.debug.xcconfig"; path = "Target Support Files/Pods-ChatAppTests/Pods-ChatAppTests.debug.xcconfig"; sourceTree = "<group>"; };
		2912BEE425F26B06002D6F54 /* CustomProgressView.swift */ = {isa = PBXFileReference; lastKnownFileType = sourcecode.swift; name = CustomProgressView.swift; path = ChatApp/ViewControllers/CustomProgressView.swift; sourceTree = SOURCE_ROOT; };
		2912BEE925F274B6002D6F54 /* MessageCellDataSource.swift */ = {isa = PBXFileReference; lastKnownFileType = sourcecode.swift; name = MessageCellDataSource.swift; path = ChatApp/ViewModel/MessageCellDataSource.swift; sourceTree = SOURCE_ROOT; };
		296D874D25F246F10013E830 /* ChatApp.app */ = {isa = PBXFileReference; explicitFileType = wrapper.application; includeInIndex = 0; path = ChatApp.app; sourceTree = BUILT_PRODUCTS_DIR; };
		296D875025F246F10013E830 /* AppDelegate.swift */ = {isa = PBXFileReference; lastKnownFileType = sourcecode.swift; path = AppDelegate.swift; sourceTree = "<group>"; };
		296D875225F246F10013E830 /* SceneDelegate.swift */ = {isa = PBXFileReference; lastKnownFileType = sourcecode.swift; path = SceneDelegate.swift; sourceTree = "<group>"; };
		296D875425F246F10013E830 /* ViewController.swift */ = {isa = PBXFileReference; lastKnownFileType = sourcecode.swift; path = ViewController.swift; sourceTree = "<group>"; };
		296D875725F246F10013E830 /* Base */ = {isa = PBXFileReference; lastKnownFileType = file.storyboard; name = Base; path = Base.lproj/Main.storyboard; sourceTree = "<group>"; };
		296D875925F246F20013E830 /* Assets.xcassets */ = {isa = PBXFileReference; lastKnownFileType = folder.assetcatalog; path = Assets.xcassets; sourceTree = "<group>"; };
		296D875C25F246F20013E830 /* Base */ = {isa = PBXFileReference; lastKnownFileType = file.storyboard; name = Base; path = Base.lproj/LaunchScreen.storyboard; sourceTree = "<group>"; };
		296D875E25F246F20013E830 /* Info.plist */ = {isa = PBXFileReference; lastKnownFileType = text.plist.xml; path = Info.plist; sourceTree = "<group>"; };
		296D876325F246F20013E830 /* ChatAppTests.xctest */ = {isa = PBXFileReference; explicitFileType = wrapper.cfbundle; includeInIndex = 0; path = ChatAppTests.xctest; sourceTree = BUILT_PRODUCTS_DIR; };
		296D876725F246F20013E830 /* ChatAppTests.swift */ = {isa = PBXFileReference; lastKnownFileType = sourcecode.swift; path = ChatAppTests.swift; sourceTree = "<group>"; };
		296D876925F246F20013E830 /* Info.plist */ = {isa = PBXFileReference; lastKnownFileType = text.plist.xml; path = Info.plist; sourceTree = "<group>"; };
		296D876E25F246F20013E830 /* ChatAppUITests.xctest */ = {isa = PBXFileReference; explicitFileType = wrapper.cfbundle; includeInIndex = 0; path = ChatAppUITests.xctest; sourceTree = BUILT_PRODUCTS_DIR; };
		296D877225F246F20013E830 /* ChatAppUITests.swift */ = {isa = PBXFileReference; lastKnownFileType = sourcecode.swift; path = ChatAppUITests.swift; sourceTree = "<group>"; };
		296D877425F246F20013E830 /* Info.plist */ = {isa = PBXFileReference; lastKnownFileType = text.plist.xml; path = Info.plist; sourceTree = "<group>"; };
		296D87B025F249F00013E830 /* GoogleService-Info.plist */ = {isa = PBXFileReference; fileEncoding = 4; lastKnownFileType = text.plist.xml; path = "GoogleService-Info.plist"; sourceTree = "<group>"; };
		296D87C225F258CF0013E830 /* ChatVC.swift */ = {isa = PBXFileReference; lastKnownFileType = sourcecode.swift; path = ChatVC.swift; sourceTree = "<group>"; };
		296D87CA25F263B40013E830 /* Alert.swift */ = {isa = PBXFileReference; fileEncoding = 4; lastKnownFileType = sourcecode.swift; path = Alert.swift; sourceTree = "<group>"; };
		62955EAF27E5CCE13A129CD8 /* Pods-ChatApp.debug.xcconfig */ = {isa = PBXFileReference; includeInIndex = 1; lastKnownFileType = text.xcconfig; name = "Pods-ChatApp.debug.xcconfig"; path = "Target Support Files/Pods-ChatApp/Pods-ChatApp.debug.xcconfig"; sourceTree = "<group>"; };
		8334DD05D7EDA04A412A0C2F /* Pods_ChatApp.framework */ = {isa = PBXFileReference; explicitFileType = wrapper.framework; includeInIndex = 0; path = Pods_ChatApp.framework; sourceTree = BUILT_PRODUCTS_DIR; };
		85EE905BFCBC8EB60554F3FC /* Pods_ChatAppTests.framework */ = {isa = PBXFileReference; explicitFileType = wrapper.framework; includeInIndex = 0; path = Pods_ChatAppTests.framework; sourceTree = BUILT_PRODUCTS_DIR; };
		A0C3DE8595A0CF89E1986CB5 /* Pods-ChatApp-ChatAppUITests.debug.xcconfig */ = {isa = PBXFileReference; includeInIndex = 1; lastKnownFileType = text.xcconfig; name = "Pods-ChatApp-ChatAppUITests.debug.xcconfig"; path = "Target Support Files/Pods-ChatApp-ChatAppUITests/Pods-ChatApp-ChatAppUITests.debug.xcconfig"; sourceTree = "<group>"; };
		A8237A0BF13C2428F40E8559 /* Pods-ChatApp-ChatAppUITests.release.xcconfig */ = {isa = PBXFileReference; includeInIndex = 1; lastKnownFileType = text.xcconfig; name = "Pods-ChatApp-ChatAppUITests.release.xcconfig"; path = "Target Support Files/Pods-ChatApp-ChatAppUITests/Pods-ChatApp-ChatAppUITests.release.xcconfig"; sourceTree = "<group>"; };
		C5A5C921353E8F4A644B9AD2 /* Pods_ChatApp_ChatAppUITests.framework */ = {isa = PBXFileReference; explicitFileType = wrapper.framework; includeInIndex = 0; path = Pods_ChatApp_ChatAppUITests.framework; sourceTree = BUILT_PRODUCTS_DIR; };
		D34EA379432F3BF63782F824 /* Pods-ChatAppTests.release.xcconfig */ = {isa = PBXFileReference; includeInIndex = 1; lastKnownFileType = text.xcconfig; name = "Pods-ChatAppTests.release.xcconfig"; path = "Target Support Files/Pods-ChatAppTests/Pods-ChatAppTests.release.xcconfig"; sourceTree = "<group>"; };
		DEA4A4FEB6AFC38130BF4C33 /* Pods-ChatApp.release.xcconfig */ = {isa = PBXFileReference; includeInIndex = 1; lastKnownFileType = text.xcconfig; name = "Pods-ChatApp.release.xcconfig"; path = "Target Support Files/Pods-ChatApp/Pods-ChatApp.release.xcconfig"; sourceTree = "<group>"; };
/* End PBXFileReference section */

/* Begin PBXFrameworksBuildPhase section */
		296D874A25F246F10013E830 /* Frameworks */ = {
			isa = PBXFrameworksBuildPhase;
			buildActionMask = 2147483647;
			files = (
				21593E82C7DA79A5C9F3B643 /* Pods_ChatApp.framework in Frameworks */,
			);
			runOnlyForDeploymentPostprocessing = 0;
		};
		296D876025F246F20013E830 /* Frameworks */ = {
			isa = PBXFrameworksBuildPhase;
			buildActionMask = 2147483647;
			files = (
				86E4E24F2E20FB0F3683C65D /* Pods_ChatAppTests.framework in Frameworks */,
			);
			runOnlyForDeploymentPostprocessing = 0;
		};
		296D876B25F246F20013E830 /* Frameworks */ = {
			isa = PBXFrameworksBuildPhase;
			buildActionMask = 2147483647;
			files = (
				1E3542C6BBBE463E7432337E /* Pods_ChatApp_ChatAppUITests.framework in Frameworks */,
			);
			runOnlyForDeploymentPostprocessing = 0;
		};
/* End PBXFrameworksBuildPhase section */

/* Begin PBXGroup section */
		0C90705A95513AEEDDD0BB8F /* Frameworks */ = {
			isa = PBXGroup;
			children = (
				8334DD05D7EDA04A412A0C2F /* Pods_ChatApp.framework */,
				C5A5C921353E8F4A644B9AD2 /* Pods_ChatApp_ChatAppUITests.framework */,
				85EE905BFCBC8EB60554F3FC /* Pods_ChatAppTests.framework */,
			);
			name = Frameworks;
			sourceTree = "<group>";
		};
		2912BEE125F26991002D6F54 /* ViewControllers */ = {
			isa = PBXGroup;
			children = (
				296D875425F246F10013E830 /* ViewController.swift */,
				296D87C225F258CF0013E830 /* ChatVC.swift */,
			);
			path = ViewControllers;
			sourceTree = "<group>";
		};
		2912BEE225F269A4002D6F54 /* View */ = {
			isa = PBXGroup;
			children = (
				2912BEE425F26B06002D6F54 /* CustomProgressView.swift */,
				296D87CA25F263B40013E830 /* Alert.swift */,
			);
			path = View;
			sourceTree = "<group>";
		};
		2912BEE325F269C0002D6F54 /* Common */ = {
			isa = PBXGroup;
			children = (
				296D875025F246F10013E830 /* AppDelegate.swift */,
				296D875225F246F10013E830 /* SceneDelegate.swift */,
			);
			path = Common;
			sourceTree = "<group>";
		};
		2912BEEE25F274C8002D6F54 /* ViewModel */ = {
			isa = PBXGroup;
			children = (
				2912BEE925F274B6002D6F54 /* MessageCellDataSource.swift */,
			);
			path = ViewModel;
			sourceTree = "<group>";
		};
		296D874425F246F00013E830 = {
			isa = PBXGroup;
			children = (
				296D874F25F246F10013E830 /* ChatApp */,
				296D876625F246F20013E830 /* ChatAppTests */,
				296D877125F246F20013E830 /* ChatAppUITests */,
				296D874E25F246F10013E830 /* Products */,
				BF86CBE3C2BB6902B3058059 /* Pods */,
				0C90705A95513AEEDDD0BB8F /* Frameworks */,
			);
			sourceTree = "<group>";
		};
		296D874E25F246F10013E830 /* Products */ = {
			isa = PBXGroup;
			children = (
				296D874D25F246F10013E830 /* ChatApp.app */,
				296D876325F246F20013E830 /* ChatAppTests.xctest */,
				296D876E25F246F20013E830 /* ChatAppUITests.xctest */,
			);
			name = Products;
			sourceTree = "<group>";
		};
		296D874F25F246F10013E830 /* ChatApp */ = {
			isa = PBXGroup;
			children = (
				2912BEE125F26991002D6F54 /* ViewControllers */,
				2912BEEE25F274C8002D6F54 /* ViewModel */,
				2912BEE225F269A4002D6F54 /* View */,
				2912BEE325F269C0002D6F54 /* Common */,
				296D875925F246F20013E830 /* Assets.xcassets */,
				296D875625F246F10013E830 /* Main.storyboard */,
				296D875B25F246F20013E830 /* LaunchScreen.storyboard */,
				296D875E25F246F20013E830 /* Info.plist */,
				296D87B025F249F00013E830 /* GoogleService-Info.plist */,
			);
			path = ChatApp;
			sourceTree = "<group>";
		};
		296D876625F246F20013E830 /* ChatAppTests */ = {
			isa = PBXGroup;
			children = (
				296D876725F246F20013E830 /* ChatAppTests.swift */,
				296D876925F246F20013E830 /* Info.plist */,
			);
			path = ChatAppTests;
			sourceTree = "<group>";
		};
		296D877125F246F20013E830 /* ChatAppUITests */ = {
			isa = PBXGroup;
			children = (
				296D877225F246F20013E830 /* ChatAppUITests.swift */,
				296D877425F246F20013E830 /* Info.plist */,
			);
			path = ChatAppUITests;
			sourceTree = "<group>";
		};
		BF86CBE3C2BB6902B3058059 /* Pods */ = {
			isa = PBXGroup;
			children = (
				62955EAF27E5CCE13A129CD8 /* Pods-ChatApp.debug.xcconfig */,
				DEA4A4FEB6AFC38130BF4C33 /* Pods-ChatApp.release.xcconfig */,
				A0C3DE8595A0CF89E1986CB5 /* Pods-ChatApp-ChatAppUITests.debug.xcconfig */,
				A8237A0BF13C2428F40E8559 /* Pods-ChatApp-ChatAppUITests.release.xcconfig */,
				0F1E31F6E7BC5676523C8C89 /* Pods-ChatAppTests.debug.xcconfig */,
				D34EA379432F3BF63782F824 /* Pods-ChatAppTests.release.xcconfig */,
			);
			path = Pods;
			sourceTree = "<group>";
		};
/* End PBXGroup section */

/* Begin PBXNativeTarget section */
		296D874C25F246F10013E830 /* ChatApp */ = {
			isa = PBXNativeTarget;
			buildConfigurationList = 296D877725F246F20013E830 /* Build configuration list for PBXNativeTarget "ChatApp" */;
			buildPhases = (
				78CC2AB36739F91A006D1A26 /* [CP] Check Pods Manifest.lock */,
				296D874925F246F10013E830 /* Sources */,
				296D874A25F246F10013E830 /* Frameworks */,
				296D874B25F246F10013E830 /* Resources */,
				BDD5FE95F270EC67B64E0B98 /* [CP] Embed Pods Frameworks */,
			);
			buildRules = (
			);
			dependencies = (
			);
			name = ChatApp;
			productName = ChatApp;
			productReference = 296D874D25F246F10013E830 /* ChatApp.app */;
			productType = "com.apple.product-type.application";
		};
		296D876225F246F20013E830 /* ChatAppTests */ = {
			isa = PBXNativeTarget;
			buildConfigurationList = 296D877A25F246F20013E830 /* Build configuration list for PBXNativeTarget "ChatAppTests" */;
			buildPhases = (
				D70D6202B3A311B969457FDB /* [CP] Check Pods Manifest.lock */,
				296D875F25F246F20013E830 /* Sources */,
				296D876025F246F20013E830 /* Frameworks */,
				296D876125F246F20013E830 /* Resources */,
			);
			buildRules = (
			);
			dependencies = (
				296D876525F246F20013E830 /* PBXTargetDependency */,
			);
			name = ChatAppTests;
			productName = ChatAppTests;
			productReference = 296D876325F246F20013E830 /* ChatAppTests.xctest */;
			productType = "com.apple.product-type.bundle.unit-test";
		};
		296D876D25F246F20013E830 /* ChatAppUITests */ = {
			isa = PBXNativeTarget;
			buildConfigurationList = 296D877D25F246F20013E830 /* Build configuration list for PBXNativeTarget "ChatAppUITests" */;
			buildPhases = (
				39D884808891B3C030BA5378 /* [CP] Check Pods Manifest.lock */,
				296D876A25F246F20013E830 /* Sources */,
				296D876B25F246F20013E830 /* Frameworks */,
				296D876C25F246F20013E830 /* Resources */,
				511596EBE9C201EDAA606B3D /* [CP] Embed Pods Frameworks */,
			);
			buildRules = (
			);
			dependencies = (
				296D877025F246F20013E830 /* PBXTargetDependency */,
			);
			name = ChatAppUITests;
			productName = ChatAppUITests;
			productReference = 296D876E25F246F20013E830 /* ChatAppUITests.xctest */;
			productType = "com.apple.product-type.bundle.ui-testing";
		};
/* End PBXNativeTarget section */

/* Begin PBXProject section */
		296D874525F246F00013E830 /* Project object */ = {
			isa = PBXProject;
			attributes = {
				LastSwiftUpdateCheck = 1220;
				LastUpgradeCheck = 1220;
				TargetAttributes = {
					296D874C25F246F10013E830 = {
						CreatedOnToolsVersion = 12.2;
					};
					296D876225F246F20013E830 = {
						CreatedOnToolsVersion = 12.2;
						TestTargetID = 296D874C25F246F10013E830;
					};
					296D876D25F246F20013E830 = {
						CreatedOnToolsVersion = 12.2;
						TestTargetID = 296D874C25F246F10013E830;
					};
				};
			};
			buildConfigurationList = 296D874825F246F00013E830 /* Build configuration list for PBXProject "ChatApp" */;
			compatibilityVersion = "Xcode 9.3";
			developmentRegion = en;
			hasScannedForEncodings = 0;
			knownRegions = (
				en,
				Base,
			);
			mainGroup = 296D874425F246F00013E830;
			productRefGroup = 296D874E25F246F10013E830 /* Products */;
			projectDirPath = "";
			projectRoot = "";
			targets = (
				296D874C25F246F10013E830 /* ChatApp */,
				296D876225F246F20013E830 /* ChatAppTests */,
				296D876D25F246F20013E830 /* ChatAppUITests */,
			);
		};
/* End PBXProject section */

/* Begin PBXResourcesBuildPhase section */
		296D874B25F246F10013E830 /* Resources */ = {
			isa = PBXResourcesBuildPhase;
			buildActionMask = 2147483647;
			files = (
				296D87B125F249F00013E830 /* GoogleService-Info.plist in Resources */,
				296D875D25F246F20013E830 /* LaunchScreen.storyboard in Resources */,
				296D875A25F246F20013E830 /* Assets.xcassets in Resources */,
				296D875825F246F10013E830 /* Main.storyboard in Resources */,
			);
			runOnlyForDeploymentPostprocessing = 0;
		};
		296D876125F246F20013E830 /* Resources */ = {
			isa = PBXResourcesBuildPhase;
			buildActionMask = 2147483647;
			files = (
			);
			runOnlyForDeploymentPostprocessing = 0;
		};
		296D876C25F246F20013E830 /* Resources */ = {
			isa = PBXResourcesBuildPhase;
			buildActionMask = 2147483647;
			files = (
			);
			runOnlyForDeploymentPostprocessing = 0;
		};
/* End PBXResourcesBuildPhase section */

/* Begin PBXShellScriptBuildPhase section */
		39D884808891B3C030BA5378 /* [CP] Check Pods Manifest.lock */ = {
			isa = PBXShellScriptBuildPhase;
			buildActionMask = 2147483647;
			files = (
			);
			inputFileListPaths = (
			);
			inputPaths = (
				"${PODS_PODFILE_DIR_PATH}/Podfile.lock",
				"${PODS_ROOT}/Manifest.lock",
			);
			name = "[CP] Check Pods Manifest.lock";
			outputFileListPaths = (
			);
			outputPaths = (
				"$(DERIVED_FILE_DIR)/Pods-ChatApp-ChatAppUITests-checkManifestLockResult.txt",
			);
			runOnlyForDeploymentPostprocessing = 0;
			shellPath = /bin/sh;
			shellScript = "diff \"${PODS_PODFILE_DIR_PATH}/Podfile.lock\" \"${PODS_ROOT}/Manifest.lock\" > /dev/null\nif [ $? != 0 ] ; then\n    # print error to STDERR\n    echo \"error: The sandbox is not in sync with the Podfile.lock. Run 'pod install' or update your CocoaPods installation.\" >&2\n    exit 1\nfi\n# This output is used by Xcode 'outputs' to avoid re-running this script phase.\necho \"SUCCESS\" > \"${SCRIPT_OUTPUT_FILE_0}\"\n";
			showEnvVarsInLog = 0;
		};
		511596EBE9C201EDAA606B3D /* [CP] Embed Pods Frameworks */ = {
			isa = PBXShellScriptBuildPhase;
			buildActionMask = 2147483647;
			files = (
			);
			inputFileListPaths = (
				"${PODS_ROOT}/Target Support Files/Pods-ChatApp-ChatAppUITests/Pods-ChatApp-ChatAppUITests-frameworks-${CONFIGURATION}-input-files.xcfilelist",
			);
			name = "[CP] Embed Pods Frameworks";
			outputFileListPaths = (
				"${PODS_ROOT}/Target Support Files/Pods-ChatApp-ChatAppUITests/Pods-ChatApp-ChatAppUITests-frameworks-${CONFIGURATION}-output-files.xcfilelist",
			);
			runOnlyForDeploymentPostprocessing = 0;
			shellPath = /bin/sh;
			shellScript = "\"${PODS_ROOT}/Target Support Files/Pods-ChatApp-ChatAppUITests/Pods-ChatApp-ChatAppUITests-frameworks.sh\"\n";
			showEnvVarsInLog = 0;
		};
		78CC2AB36739F91A006D1A26 /* [CP] Check Pods Manifest.lock */ = {
			isa = PBXShellScriptBuildPhase;
			buildActionMask = 2147483647;
			files = (
			);
			inputFileListPaths = (
			);
			inputPaths = (
				"${PODS_PODFILE_DIR_PATH}/Podfile.lock",
				"${PODS_ROOT}/Manifest.lock",
			);
			name = "[CP] Check Pods Manifest.lock";
			outputFileListPaths = (
			);
			outputPaths = (
				"$(DERIVED_FILE_DIR)/Pods-ChatApp-checkManifestLockResult.txt",
			);
			runOnlyForDeploymentPostprocessing = 0;
			shellPath = /bin/sh;
			shellScript = "diff \"${PODS_PODFILE_DIR_PATH}/Podfile.lock\" \"${PODS_ROOT}/Manifest.lock\" > /dev/null\nif [ $? != 0 ] ; then\n    # print error to STDERR\n    echo \"error: The sandbox is not in sync with the Podfile.lock. Run 'pod install' or update your CocoaPods installation.\" >&2\n    exit 1\nfi\n# This output is used by Xcode 'outputs' to avoid re-running this script phase.\necho \"SUCCESS\" > \"${SCRIPT_OUTPUT_FILE_0}\"\n";
			showEnvVarsInLog = 0;
		};
		BDD5FE95F270EC67B64E0B98 /* [CP] Embed Pods Frameworks */ = {
			isa = PBXShellScriptBuildPhase;
			buildActionMask = 2147483647;
			files = (
			);
			inputFileListPaths = (
				"${PODS_ROOT}/Target Support Files/Pods-ChatApp/Pods-ChatApp-frameworks-${CONFIGURATION}-input-files.xcfilelist",
			);
			name = "[CP] Embed Pods Frameworks";
			outputFileListPaths = (
				"${PODS_ROOT}/Target Support Files/Pods-ChatApp/Pods-ChatApp-frameworks-${CONFIGURATION}-output-files.xcfilelist",
			);
			runOnlyForDeploymentPostprocessing = 0;
			shellPath = /bin/sh;
			shellScript = "\"${PODS_ROOT}/Target Support Files/Pods-ChatApp/Pods-ChatApp-frameworks.sh\"\n";
			showEnvVarsInLog = 0;
		};
		D70D6202B3A311B969457FDB /* [CP] Check Pods Manifest.lock */ = {
			isa = PBXShellScriptBuildPhase;
			buildActionMask = 2147483647;
			files = (
			);
			inputFileListPaths = (
			);
			inputPaths = (
				"${PODS_PODFILE_DIR_PATH}/Podfile.lock",
				"${PODS_ROOT}/Manifest.lock",
			);
			name = "[CP] Check Pods Manifest.lock";
			outputFileListPaths = (
			);
			outputPaths = (
				"$(DERIVED_FILE_DIR)/Pods-ChatAppTests-checkManifestLockResult.txt",
			);
			runOnlyForDeploymentPostprocessing = 0;
			shellPath = /bin/sh;
			shellScript = "diff \"${PODS_PODFILE_DIR_PATH}/Podfile.lock\" \"${PODS_ROOT}/Manifest.lock\" > /dev/null\nif [ $? != 0 ] ; then\n    # print error to STDERR\n    echo \"error: The sandbox is not in sync with the Podfile.lock. Run 'pod install' or update your CocoaPods installation.\" >&2\n    exit 1\nfi\n# This output is used by Xcode 'outputs' to avoid re-running this script phase.\necho \"SUCCESS\" > \"${SCRIPT_OUTPUT_FILE_0}\"\n";
			showEnvVarsInLog = 0;
		};
/* End PBXShellScriptBuildPhase section */

/* Begin PBXSourcesBuildPhase section */
		296D874925F246F10013E830 /* Sources */ = {
			isa = PBXSourcesBuildPhase;
			buildActionMask = 2147483647;
			files = (
				296D87CB25F263B40013E830 /* Alert.swift in Sources */,
				296D875525F246F10013E830 /* ViewController.swift in Sources */,
				2912BEEA25F274B6002D6F54 /* MessageCellDataSource.swift in Sources */,
				296D875125F246F10013E830 /* AppDelegate.swift in Sources */,
				296D875325F246F10013E830 /* SceneDelegate.swift in Sources */,
				296D87C325F258CF0013E830 /* ChatVC.swift in Sources */,
				2912BEE525F26B06002D6F54 /* CustomProgressView.swift in Sources */,
			);
			runOnlyForDeploymentPostprocessing = 0;
		};
		296D875F25F246F20013E830 /* Sources */ = {
			isa = PBXSourcesBuildPhase;
			buildActionMask = 2147483647;
			files = (
				296D876825F246F20013E830 /* ChatAppTests.swift in Sources */,
			);
			runOnlyForDeploymentPostprocessing = 0;
		};
		296D876A25F246F20013E830 /* Sources */ = {
			isa = PBXSourcesBuildPhase;
			buildActionMask = 2147483647;
			files = (
				296D877325F246F20013E830 /* ChatAppUITests.swift in Sources */,
			);
			runOnlyForDeploymentPostprocessing = 0;
		};
/* End PBXSourcesBuildPhase section */

/* Begin PBXTargetDependency section */
		296D876525F246F20013E830 /* PBXTargetDependency */ = {
			isa = PBXTargetDependency;
			target = 296D874C25F246F10013E830 /* ChatApp */;
			targetProxy = 296D876425F246F20013E830 /* PBXContainerItemProxy */;
		};
		296D877025F246F20013E830 /* PBXTargetDependency */ = {
			isa = PBXTargetDependency;
			target = 296D874C25F246F10013E830 /* ChatApp */;
			targetProxy = 296D876F25F246F20013E830 /* PBXContainerItemProxy */;
		};
/* End PBXTargetDependency section */

/* Begin PBXVariantGroup section */
		296D875625F246F10013E830 /* Main.storyboard */ = {
			isa = PBXVariantGroup;
			children = (
				296D875725F246F10013E830 /* Base */,
			);
			name = Main.storyboard;
			sourceTree = "<group>";
		};
		296D875B25F246F20013E830 /* LaunchScreen.storyboard */ = {
			isa = PBXVariantGroup;
			children = (
				296D875C25F246F20013E830 /* Base */,
			);
			name = LaunchScreen.storyboard;
			sourceTree = "<group>";
		};
/* End PBXVariantGroup section */

/* Begin XCBuildConfiguration section */
		296D877525F246F20013E830 /* Debug */ = {
			isa = XCBuildConfiguration;
			buildSettings = {
				ALWAYS_SEARCH_USER_PATHS = NO;
				CLANG_ANALYZER_NONNULL = YES;
				CLANG_ANALYZER_NUMBER_OBJECT_CONVERSION = YES_AGGRESSIVE;
				CLANG_CXX_LANGUAGE_STANDARD = "gnu++14";
				CLANG_CXX_LIBRARY = "libc++";
				CLANG_ENABLE_MODULES = YES;
				CLANG_ENABLE_OBJC_ARC = YES;
				CLANG_ENABLE_OBJC_WEAK = YES;
				CLANG_WARN_BLOCK_CAPTURE_AUTORELEASING = YES;
				CLANG_WARN_BOOL_CONVERSION = YES;
				CLANG_WARN_COMMA = YES;
				CLANG_WARN_CONSTANT_CONVERSION = YES;
				CLANG_WARN_DEPRECATED_OBJC_IMPLEMENTATIONS = YES;
				CLANG_WARN_DIRECT_OBJC_ISA_USAGE = YES_ERROR;
				CLANG_WARN_DOCUMENTATION_COMMENTS = YES;
				CLANG_WARN_EMPTY_BODY = YES;
				CLANG_WARN_ENUM_CONVERSION = YES;
				CLANG_WARN_INFINITE_RECURSION = YES;
				CLANG_WARN_INT_CONVERSION = YES;
				CLANG_WARN_NON_LITERAL_NULL_CONVERSION = YES;
				CLANG_WARN_OBJC_IMPLICIT_RETAIN_SELF = YES;
				CLANG_WARN_OBJC_LITERAL_CONVERSION = YES;
				CLANG_WARN_OBJC_ROOT_CLASS = YES_ERROR;
				CLANG_WARN_QUOTED_INCLUDE_IN_FRAMEWORK_HEADER = YES;
				CLANG_WARN_RANGE_LOOP_ANALYSIS = YES;
				CLANG_WARN_STRICT_PROTOTYPES = YES;
				CLANG_WARN_SUSPICIOUS_MOVE = YES;
				CLANG_WARN_UNGUARDED_AVAILABILITY = YES_AGGRESSIVE;
				CLANG_WARN_UNREACHABLE_CODE = YES;
				CLANG_WARN__DUPLICATE_METHOD_MATCH = YES;
				COPY_PHASE_STRIP = NO;
				DEBUG_INFORMATION_FORMAT = dwarf;
				ENABLE_STRICT_OBJC_MSGSEND = YES;
				ENABLE_TESTABILITY = YES;
				GCC_C_LANGUAGE_STANDARD = gnu11;
				GCC_DYNAMIC_NO_PIC = NO;
				GCC_NO_COMMON_BLOCKS = YES;
				GCC_OPTIMIZATION_LEVEL = 0;
				GCC_PREPROCESSOR_DEFINITIONS = (
					"DEBUG=1",
					"$(inherited)",
				);
				GCC_WARN_64_TO_32_BIT_CONVERSION = YES;
				GCC_WARN_ABOUT_RETURN_TYPE = YES_ERROR;
				GCC_WARN_UNDECLARED_SELECTOR = YES;
				GCC_WARN_UNINITIALIZED_AUTOS = YES_AGGRESSIVE;
				GCC_WARN_UNUSED_FUNCTION = YES;
				GCC_WARN_UNUSED_VARIABLE = YES;
				IPHONEOS_DEPLOYMENT_TARGET = 14.2;
				MTL_ENABLE_DEBUG_INFO = INCLUDE_SOURCE;
				MTL_FAST_MATH = YES;
				ONLY_ACTIVE_ARCH = YES;
				SDKROOT = iphoneos;
				SWIFT_ACTIVE_COMPILATION_CONDITIONS = DEBUG;
				SWIFT_OPTIMIZATION_LEVEL = "-Onone";
			};
			name = Debug;
		};
		296D877625F246F20013E830 /* Release */ = {
			isa = XCBuildConfiguration;
			buildSettings = {
				ALWAYS_SEARCH_USER_PATHS = NO;
				CLANG_ANALYZER_NONNULL = YES;
				CLANG_ANALYZER_NUMBER_OBJECT_CONVERSION = YES_AGGRESSIVE;
				CLANG_CXX_LANGUAGE_STANDARD = "gnu++14";
				CLANG_CXX_LIBRARY = "libc++";
				CLANG_ENABLE_MODULES = YES;
				CLANG_ENABLE_OBJC_ARC = YES;
				CLANG_ENABLE_OBJC_WEAK = YES;
				CLANG_WARN_BLOCK_CAPTURE_AUTORELEASING = YES;
				CLANG_WARN_BOOL_CONVERSION = YES;
				CLANG_WARN_COMMA = YES;
				CLANG_WARN_CONSTANT_CONVERSION = YES;
				CLANG_WARN_DEPRECATED_OBJC_IMPLEMENTATIONS = YES;
				CLANG_WARN_DIRECT_OBJC_ISA_USAGE = YES_ERROR;
				CLANG_WARN_DOCUMENTATION_COMMENTS = YES;
				CLANG_WARN_EMPTY_BODY = YES;
				CLANG_WARN_ENUM_CONVERSION = YES;
				CLANG_WARN_INFINITE_RECURSION = YES;
				CLANG_WARN_INT_CONVERSION = YES;
				CLANG_WARN_NON_LITERAL_NULL_CONVERSION = YES;
				CLANG_WARN_OBJC_IMPLICIT_RETAIN_SELF = YES;
				CLANG_WARN_OBJC_LITERAL_CONVERSION = YES;
				CLANG_WARN_OBJC_ROOT_CLASS = YES_ERROR;
				CLANG_WARN_QUOTED_INCLUDE_IN_FRAMEWORK_HEADER = YES;
				CLANG_WARN_RANGE_LOOP_ANALYSIS = YES;
				CLANG_WARN_STRICT_PROTOTYPES = YES;
				CLANG_WARN_SUSPICIOUS_MOVE = YES;
				CLANG_WARN_UNGUARDED_AVAILABILITY = YES_AGGRESSIVE;
				CLANG_WARN_UNREACHABLE_CODE = YES;
				CLANG_WARN__DUPLICATE_METHOD_MATCH = YES;
				COPY_PHASE_STRIP = NO;
				DEBUG_INFORMATION_FORMAT = "dwarf-with-dsym";
				ENABLE_NS_ASSERTIONS = NO;
				ENABLE_STRICT_OBJC_MSGSEND = YES;
				GCC_C_LANGUAGE_STANDARD = gnu11;
				GCC_NO_COMMON_BLOCKS = YES;
				GCC_WARN_64_TO_32_BIT_CONVERSION = YES;
				GCC_WARN_ABOUT_RETURN_TYPE = YES_ERROR;
				GCC_WARN_UNDECLARED_SELECTOR = YES;
				GCC_WARN_UNINITIALIZED_AUTOS = YES_AGGRESSIVE;
				GCC_WARN_UNUSED_FUNCTION = YES;
				GCC_WARN_UNUSED_VARIABLE = YES;
				IPHONEOS_DEPLOYMENT_TARGET = 14.2;
				MTL_ENABLE_DEBUG_INFO = NO;
				MTL_FAST_MATH = YES;
				SDKROOT = iphoneos;
				SWIFT_COMPILATION_MODE = wholemodule;
				SWIFT_OPTIMIZATION_LEVEL = "-O";
				VALIDATE_PRODUCT = YES;
			};
			name = Release;
		};
		296D877825F246F20013E830 /* Debug */ = {
			isa = XCBuildConfiguration;
			baseConfigurationReference = 62955EAF27E5CCE13A129CD8 /* Pods-ChatApp.debug.xcconfig */;
			buildSettings = {
				ASSETCATALOG_COMPILER_APPICON_NAME = AppIcon;
				ASSETCATALOG_COMPILER_GLOBAL_ACCENT_COLOR_NAME = AccentColor;
				CODE_SIGN_STYLE = Automatic;
				DEVELOPMENT_TEAM = E5652R7DB5;
				INFOPLIST_FILE = ChatApp/Info.plist;
				LD_RUNPATH_SEARCH_PATHS = (
					"$(inherited)",
					"@executable_path/Frameworks",
				);
				PRODUCT_BUNDLE_IDENTIFIER = Karthikeyan.ChatApp;
				PRODUCT_NAME = "$(TARGET_NAME)";
				SWIFT_VERSION = 5.0;
				TARGETED_DEVICE_FAMILY = "1,2";
			};
			name = Debug;
		};
		296D877925F246F20013E830 /* Release */ = {
			isa = XCBuildConfiguration;
			baseConfigurationReference = DEA4A4FEB6AFC38130BF4C33 /* Pods-ChatApp.release.xcconfig */;
			buildSettings = {
				ASSETCATALOG_COMPILER_APPICON_NAME = AppIcon;
				ASSETCATALOG_COMPILER_GLOBAL_ACCENT_COLOR_NAME = AccentColor;
				CODE_SIGN_STYLE = Automatic;
				DEVELOPMENT_TEAM = E5652R7DB5;
				INFOPLIST_FILE = ChatApp/Info.plist;
				LD_RUNPATH_SEARCH_PATHS = (
					"$(inherited)",
					"@executable_path/Frameworks",
				);
				PRODUCT_BUNDLE_IDENTIFIER = Karthikeyan.ChatApp;
				PRODUCT_NAME = "$(TARGET_NAME)";
				SWIFT_VERSION = 5.0;
				TARGETED_DEVICE_FAMILY = "1,2";
			};
			name = Release;
		};
		296D877B25F246F20013E830 /* Debug */ = {
			isa = XCBuildConfiguration;
			baseConfigurationReference = 0F1E31F6E7BC5676523C8C89 /* Pods-ChatAppTests.debug.xcconfig */;
			buildSettings = {
				ALWAYS_EMBED_SWIFT_STANDARD_LIBRARIES = YES;
				BUNDLE_LOADER = "$(TEST_HOST)";
				CODE_SIGN_STYLE = Automatic;
				DEVELOPMENT_TEAM = 5KCAZ94GP6;
				INFOPLIST_FILE = ChatAppTests/Info.plist;
				IPHONEOS_DEPLOYMENT_TARGET = 14.2;
				LD_RUNPATH_SEARCH_PATHS = (
					"$(inherited)",
					"@executable_path/Frameworks",
					"@loader_path/Frameworks",
				);
				PRODUCT_BUNDLE_IDENTIFIER = Karthikeyan.ChatAppTests;
				PRODUCT_NAME = "$(TARGET_NAME)";
				SWIFT_VERSION = 5.0;
				TARGETED_DEVICE_FAMILY = "1,2";
				TEST_HOST = "$(BUILT_PRODUCTS_DIR)/ChatApp.app/ChatApp";
			};
			name = Debug;
		};
		296D877C25F246F20013E830 /* Release */ = {
			isa = XCBuildConfiguration;
			baseConfigurationReference = D34EA379432F3BF63782F824 /* Pods-ChatAppTests.release.xcconfig */;
			buildSettings = {
				ALWAYS_EMBED_SWIFT_STANDARD_LIBRARIES = YES;
				BUNDLE_LOADER = "$(TEST_HOST)";
				CODE_SIGN_STYLE = Automatic;
				DEVELOPMENT_TEAM = 5KCAZ94GP6;
				INFOPLIST_FILE = ChatAppTests/Info.plist;
				IPHONEOS_DEPLOYMENT_TARGET = 14.2;
				LD_RUNPATH_SEARCH_PATHS = (
					"$(inherited)",
					"@executable_path/Frameworks",
					"@loader_path/Frameworks",
				);
				PRODUCT_BUNDLE_IDENTIFIER = Karthikeyan.ChatAppTests;
				PRODUCT_NAME = "$(TARGET_NAME)";
				SWIFT_VERSION = 5.0;
				TARGETED_DEVICE_FAMILY = "1,2";
				TEST_HOST = "$(BUILT_PRODUCTS_DIR)/ChatApp.app/ChatApp";
			};
			name = Release;
		};
		296D877E25F246F20013E830 /* Debug */ = {
			isa = XCBuildConfiguration;
			baseConfigurationReference = A0C3DE8595A0CF89E1986CB5 /* Pods-ChatApp-ChatAppUITests.debug.xcconfig */;
			buildSettings = {
				ALWAYS_EMBED_SWIFT_STANDARD_LIBRARIES = YES;
				CODE_SIGN_STYLE = Automatic;
				DEVELOPMENT_TEAM = 5KCAZ94GP6;
				INFOPLIST_FILE = ChatAppUITests/Info.plist;
				LD_RUNPATH_SEARCH_PATHS = (
					"$(inherited)",
					"@executable_path/Frameworks",
					"@loader_path/Frameworks",
				);
				PRODUCT_BUNDLE_IDENTIFIER = Karthikeyan.ChatAppUITests;
				PRODUCT_NAME = "$(TARGET_NAME)";
				SWIFT_VERSION = 5.0;
				TARGETED_DEVICE_FAMILY = "1,2";
				TEST_TARGET_NAME = ChatApp;
			};
			name = Debug;
		};
		296D877F25F246F20013E830 /* Release */ = {
			isa = XCBuildConfiguration;
			baseConfigurationReference = A8237A0BF13C2428F40E8559 /* Pods-ChatApp-ChatAppUITests.release.xcconfig */;
			buildSettings = {
				ALWAYS_EMBED_SWIFT_STANDARD_LIBRARIES = YES;
				CODE_SIGN_STYLE = Automatic;
				DEVELOPMENT_TEAM = 5KCAZ94GP6;
				INFOPLIST_FILE = ChatAppUITests/Info.plist;
				LD_RUNPATH_SEARCH_PATHS = (
					"$(inherited)",
					"@executable_path/Frameworks",
					"@loader_path/Frameworks",
				);
				PRODUCT_BUNDLE_IDENTIFIER = Karthikeyan.ChatAppUITests;
				PRODUCT_NAME = "$(TARGET_NAME)";
				SWIFT_VERSION = 5.0;
				TARGETED_DEVICE_FAMILY = "1,2";
				TEST_TARGET_NAME = ChatApp;
			};
			name = Release;
		};
/* End XCBuildConfiguration section */

/* Begin XCConfigurationList section */
		296D874825F246F00013E830 /* Build configuration list for PBXProject "ChatApp" */ = {
			isa = XCConfigurationList;
			buildConfigurations = (
				296D877525F246F20013E830 /* Debug */,
				296D877625F246F20013E830 /* Release */,
			);
			defaultConfigurationIsVisible = 0;
			defaultConfigurationName = Release;
		};
		296D877725F246F20013E830 /* Build configuration list for PBXNativeTarget "ChatApp" */ = {
			isa = XCConfigurationList;
			buildConfigurations = (
				296D877825F246F20013E830 /* Debug */,
				296D877925F246F20013E830 /* Release */,
			);
			defaultConfigurationIsVisible = 0;
			defaultConfigurationName = Release;
		};
		296D877A25F246F20013E830 /* Build configuration list for PBXNativeTarget "ChatAppTests" */ = {
			isa = XCConfigurationList;
			buildConfigurations = (
				296D877B25F246F20013E830 /* Debug */,
				296D877C25F246F20013E830 /* Release */,
			);
			defaultConfigurationIsVisible = 0;
			defaultConfigurationName = Release;
		};
		296D877D25F246F20013E830 /* Build configuration list for PBXNativeTarget "ChatAppUITests" */ = {
			isa = XCConfigurationList;
			buildConfigurations = (
				296D877E25F246F20013E830 /* Debug */,
				296D877F25F246F20013E830 /* Release */,
			);
			defaultConfigurationIsVisible = 0;
			defaultConfigurationName = Release;
		};
/* End XCConfigurationList section */
	};
	rootObject = 296D874525F246F00013E830 /* Project object */;
}
